
Microsoft Visual Studio Solution File, Format Version 12.00
# Visual Studio Version 17
VisualStudioVersion = 17.6.33801.468
MinimumVisualStudioVersion = 10.0.40219.1
Project("{9A19103F-16F7-4668-BE54-9A1E7A4F7556}") = "EnglishHelperService.API", "EnglishHelperService.API\EnglishHelperService.API.csproj", "{A7EC17DF-0EB5-476D-A514-0CE58A1B31E0}"
EndProject
Project("{9A19103F-16F7-4668-BE54-9A1E7A4F7556}") = "EnglishHelperService.Persistence", "EnglishHelperService.Persistence\EnglishHelperService.Persistence.csproj", "{6963B787-D626-49BC-BD3D-6EC891447C6F}"
EndProject
Project("{9A19103F-16F7-4668-BE54-9A1E7A4F7556}") = "EnglishHelperService.Business", "EnglishHelperService.Business\EnglishHelperService.Business.csproj", "{E6C48699-FEBF-43E3-A434-B90D13C350B4}"
EndProject
Project("{FAE04EC0-301F-11D3-BF4B-00C04F79EFBC}") = "EnglishHelperService.ServiceContracts", "EnglishHelperService.ServiceContracts\EnglishHelperService.ServiceContracts.csproj", "{DB95F6D9-751A-487B-982F-F8EF4C3CEFF3}"
EndProject
Global
	GlobalSection(SolutionConfigurationPlatforms) = preSolution
		Debug|Any CPU = Debug|Any CPU
		Release|Any CPU = Release|Any CPU
	EndGlobalSection
	GlobalSection(ProjectConfigurationPlatforms) = postSolution
		{A7EC17DF-0EB5-476D-A514-0CE58A1B31E0}.Debug|Any CPU.ActiveCfg = Debug|Any CPU
		{A7EC17DF-0EB5-476D-A514-0CE58A1B31E0}.Debug|Any CPU.Build.0 = Debug|Any CPU
		{A7EC17DF-0EB5-476D-A514-0CE58A1B31E0}.Release|Any CPU.ActiveCfg = Release|Any CPU
		{A7EC17DF-0EB5-476D-A514-0CE58A1B31E0}.Release|Any CPU.Build.0 = Release|Any CPU
		{6963B787-D626-49BC-BD3D-6EC891447C6F}.Debug|Any CPU.ActiveCfg = Debug|Any CPU
		{6963B787-D626-49BC-BD3D-6EC891447C6F}.Debug|Any CPU.Build.0 = Debug|Any CPU
		{6963B787-D626-49BC-BD3D-6EC891447C6F}.Release|Any CPU.ActiveCfg = Release|Any CPU
		{6963B787-D626-49BC-BD3D-6EC891447C6F}.Release|Any CPU.Build.0 = Release|Any CPU
		{E6C48699-FEBF-43E3-A434-B90D13C350B4}.Debug|Any CPU.ActiveCfg = Debug|Any CPU
		{E6C48699-FEBF-43E3-A434-B90D13C350B4}.Debug|Any CPU.Build.0 = Debug|Any CPU
		{E6C48699-FEBF-43E3-A434-B90D13C350B4}.Release|Any CPU.ActiveCfg = Release|Any CPU
		{E6C48699-FEBF-43E3-A434-B90D13C350B4}.Release|Any CPU.Build.0 = Release|Any CPU
		{DB95F6D9-751A-487B-982F-F8EF4C3CEFF3}.Debug|Any CPU.ActiveCfg = Debug|Any CPU
		{DB95F6D9-751A-487B-982F-F8EF4C3CEFF3}.Debug|Any CPU.Build.0 = Debug|Any CPU
		{DB95F6D9-751A-487B-982F-F8EF4C3CEFF3}.Release|Any CPU.ActiveCfg = Release|Any CPU
		{DB95F6D9-751A-487B-982F-F8EF4C3CEFF3}.Release|Any CPU.Build.0 = Release|Any CPU
	EndGlobalSection
	GlobalSection(SolutionProperties) = preSolution
		HideSolutionNode = FALSE
	EndGlobalSection
	GlobalSection(ExtensibilityGlobals) = postSolution
		SolutionGuid = {EC478B23-6E18-44A0-B31B-32F75378511E}
	EndGlobalSection
EndGlobal
